
Microsoft Visual Studio Solution File, Format Version 12.00
# Visual Studio Version 16
VisualStudioVersion = 16.0.28803.452
MinimumVisualStudioVersion = 10.0.40219.1
Project("{8BC9CEB8-8B4A-11D0-8D11-00A0C91BC942}") = "Project2", "Project2\Project2.vcxproj", "{F8BA84A9-48D2-4397-8697-6C7F21E2C945}"
EndProject
Global
	GlobalSection(SolutionConfigurationPlatforms) = preSolution
		Debug|x64 = Debug|x64
		Debug|x86 = Debug|x86
		Release|x64 = Release|x64
		Release|x86 = Release|x86
	EndGlobalSection
	GlobalSection(ProjectConfigurationPlatforms) = postSolution
		{F8BA84A9-48D2-4397-8697-6C7F21E2C945}.Debug|x64.ActiveCfg = Debug|x64
		{F8BA84A9-48D2-4397-8697-6C7F21E2C945}.Debug|x64.Build.0 = Debug|x64
		{F8BA84A9-48D2-4397-8697-6C7F21E2C945}.Debug|x86.ActiveCfg = Debug|Win32
		{F8BA84A9-48D2-4397-8697-6C7F21E2C945}.Debug|x86.Build.0 = Debug|Win32
		{F8BA84A9-48D2-4397-8697-6C7F21E2C945}.Release|x64.ActiveCfg = Release|x64
		{F8BA84A9-48D2-4397-8697-6C7F21E2C945}.Release|x64.Build.0 = Release|x64
		{F8BA84A9-48D2-4397-8697-6C7F21E2C945}.Release|x86.ActiveCfg = Release|Win32
		{F8BA84A9-48D2-4397-8697-6C7F21E2C945}.Release|x86.Build.0 = Release|Win32
	EndGlobalSection
	GlobalSection(SolutionProperties) = preSolution
		HideSolutionNode = FALSE
	EndGlobalSection
	GlobalSection(ExtensibilityGlobals) = postSolution
		SolutionGuid = {5F6E1E86-A1E2-4D70-AEF7-54E6DE2B4B52}
	EndGlobalSection
EndGlobal
